// !$*UTF8*$!
{
	archiveVersion = 1;
	classes = {
	};
	objectVersion = 46;
	objects = {

/* Begin PBXBuildFile section */
		462AF9E91D4BD4F800C795C9 /* AppDelegate.swift in Sources */ = {isa = PBXBuildFile; fileRef = 462AF9E81D4BD4F800C795C9 /* AppDelegate.swift */; };
		462AF9EB1D4BD4F800C795C9 /* ViewController.swift in Sources */ = {isa = PBXBuildFile; fileRef = 462AF9EA1D4BD4F800C795C9 /* ViewController.swift */; };
		462AF9EE1D4BD4F800C795C9 /* Main.storyboard in Resources */ = {isa = PBXBuildFile; fileRef = 462AF9EC1D4BD4F800C795C9 /* Main.storyboard */; };
		462AF9F01D4BD4F800C795C9 /* Assets.xcassets in Resources */ = {isa = PBXBuildFile; fileRef = 462AF9EF1D4BD4F800C795C9 /* Assets.xcassets */; };
		462AF9F31D4BD4F800C795C9 /* LaunchScreen.storyboard in Resources */ = {isa = PBXBuildFile; fileRef = 462AF9F11D4BD4F800C795C9 /* LaunchScreen.storyboard */; };
		462AF9FE1D4BD4F800C795C9 /* PitchPerfectTests.swift in Sources */ = {isa = PBXBuildFile; fileRef = 462AF9FD1D4BD4F800C795C9 /* PitchPerfectTests.swift */; };
		462AFA091D4BD4F800C795C9 /* PitchPerfectUITests.swift in Sources */ = {isa = PBXBuildFile; fileRef = 462AFA081D4BD4F800C795C9 /* PitchPerfectUITests.swift */; };
/* End PBXBuildFile section */

/* Begin PBXContainerItemProxy section */
		462AF9FA1D4BD4F800C795C9 /* PBXContainerItemProxy */ = {
			isa = PBXContainerItemProxy;
			containerPortal = 462AF9DD1D4BD4F800C795C9 /* Project object */;
			proxyType = 1;
			remoteGlobalIDString = 462AF9E41D4BD4F800C795C9;
			remoteInfo = PitchPerfect;
		};
		462AFA051D4BD4F800C795C9 /* PBXContainerItemProxy */ = {
			isa = PBXContainerItemProxy;
			containerPortal = 462AF9DD1D4BD4F800C795C9 /* Project object */;
			proxyType = 1;
			remoteGlobalIDString = 462AF9E41D4BD4F800C795C9;
			remoteInfo = PitchPerfect;
		};
/* End PBXContainerItemProxy section */

/* Begin PBXFileReference section */
		462AF9E51D4BD4F800C795C9 /* PitchPerfect.app */ = {isa = PBXFileReference; explicitFileType = wrapper.application; includeInIndex = 0; path = PitchPerfect.app; sourceTree = BUILT_PRODUCTS_DIR; };
		462AF9E81D4BD4F800C795C9 /* AppDelegate.swift */ = {isa = PBXFileReference; lastKnownFileType = sourcecode.swift; path = AppDelegate.swift; sourceTree = "<group>"; };
		462AF9EA1D4BD4F800C795C9 /* ViewController.swift */ = {isa = PBXFileReference; lastKnownFileType = sourcecode.swift; path = ViewController.swift; sourceTree = "<group>"; };
		462AF9ED1D4BD4F800C795C9 /* Base */ = {isa = PBXFileReference; lastKnownFileType = file.storyboard; name = Base; path = Base.lproj/Main.storyboard; sourceTree = "<group>"; };
		462AF9EF1D4BD4F800C795C9 /* Assets.xcassets */ = {isa = PBXFileReference; lastKnownFileType = folder.assetcatalog; path = Assets.xcassets; sourceTree = "<group>"; };
		462AF9F21D4BD4F800C795C9 /* Base */ = {isa = PBXFileReference; lastKnownFileType = file.storyboard; name = Base; path = Base.lproj/LaunchScreen.storyboard; sourceTree = "<group>"; };
		462AF9F41D4BD4F800C795C9 /* Info.plist */ = {isa = PBXFileReference; lastKnownFileType = text.plist.xml; path = Info.plist; sourceTree = "<group>"; };
		462AF9F91D4BD4F800C795C9 /* PitchPerfectTests.xctest */ = {isa = PBXFileReference; explicitFileType = wrapper.cfbundle; includeInIndex = 0; path = PitchPerfectTests.xctest; sourceTree = BUILT_PRODUCTS_DIR; };
		462AF9FD1D4BD4F800C795C9 /* PitchPerfectTests.swift */ = {isa = PBXFileReference; lastKnownFileType = sourcecode.swift; path = PitchPerfectTests.swift; sourceTree = "<group>"; };
		462AF9FF1D4BD4F800C795C9 /* Info.plist */ = {isa = PBXFileReference; lastKnownFileType = text.plist.xml; path = Info.plist; sourceTree = "<group>"; };
		462AFA041D4BD4F800C795C9 /* PitchPerfectUITests.xctest */ = {isa = PBXFileReference; explicitFileType = wrapper.cfbundle; includeInIndex = 0; path = PitchPerfectUITests.xctest; sourceTree = BUILT_PRODUCTS_DIR; };
		462AFA081D4BD4F800C795C9 /* PitchPerfectUITests.swift */ = {isa = PBXFileReference; lastKnownFileType = sourcecode.swift; path = PitchPerfectUITests.swift; sourceTree = "<group>"; };
		462AFA0A1D4BD4F800C795C9 /* Info.plist */ = {isa = PBXFileReference; lastKnownFileType = text.plist.xml; path = Info.plist; sourceTree = "<group>"; };
/* End PBXFileReference section */

/* Begin PBXFrameworksBuildPhase section */
		462AF9E21D4BD4F800C795C9 /* Frameworks */ = {
			isa = PBXFrameworksBuildPhase;
			buildActionMask = 2147483647;
			files = (
			);
			runOnlyForDeploymentPostprocessing = 0;
		};
		462AF9F61D4BD4F800C795C9 /* Frameworks */ = {
			isa = PBXFrameworksBuildPhase;
			buildActionMask = 2147483647;
			files = (
			);
			runOnlyForDeploymentPostprocessing = 0;
		};
		462AFA011D4BD4F800C795C9 /* Frameworks */ = {
			isa = PBXFrameworksBuildPhase;
			buildActionMask = 2147483647;
			files = (
			);
			runOnlyForDeploymentPostprocessing = 0;
		};
/* End PBXFrameworksBuildPhase section */

/* Begin PBXGroup section */
		462AF9DC1D4BD4F800C795C9 = {
			isa = PBXGroup;
			children = (
				462AF9E71D4BD4F800C795C9 /* PitchPerfect */,
				462AF9FC1D4BD4F800C795C9 /* PitchPerfectTests */,
				462AFA071D4BD4F800C795C9 /* PitchPerfectUITests */,
				462AF9E61D4BD4F800C795C9 /* Products */,
			);
			sourceTree = "<group>";
		};
		462AF9E61D4BD4F800C795C9 /* Products */ = {
			isa = PBXGroup;
			children = (
				462AF9E51D4BD4F800C795C9 /* PitchPerfect.app */,
				462AF9F91D4BD4F800C795C9 /* PitchPerfectTests.xctest */,
				462AFA041D4BD4F800C795C9 /* PitchPerfectUITests.xctest */,
			);
			name = Products;
			sourceTree = "<group>";
		};
		462AF9E71D4BD4F800C795C9 /* PitchPerfect */ = {
			isa = PBXGroup;
			children = (
				462AF9E81D4BD4F800C795C9 /* AppDelegate.swift */,
				462AF9EA1D4BD4F800C795C9 /* ViewController.swift */,
				462AF9EC1D4BD4F800C795C9 /* Main.storyboard */,
				462AF9EF1D4BD4F800C795C9 /* Assets.xcassets */,
				462AF9F11D4BD4F800C795C9 /* LaunchScreen.storyboard */,
				462AF9F41D4BD4F800C795C9 /* Info.plist */,
			);
			path = PitchPerfect;
			sourceTree = "<group>";
		};
		462AF9FC1D4BD4F800C795C9 /* PitchPerfectTests */ = {
			isa = PBXGroup;
			children = (
				462AF9FD1D4BD4F800C795C9 /* PitchPerfectTests.swift */,
				462AF9FF1D4BD4F800C795C9 /* Info.plist */,
			);
			path = PitchPerfectTests;
			sourceTree = "<group>";
		};
		462AFA071D4BD4F800C795C9 /* PitchPerfectUITests */ = {
			isa = PBXGroup;
			children = (
				462AFA081D4BD4F800C795C9 /* PitchPerfectUITests.swift */,
				462AFA0A1D4BD4F800C795C9 /* Info.plist */,
			);
			path = PitchPerfectUITests;
			sourceTree = "<group>";
		};
/* End PBXGroup section */

/* Begin PBXNativeTarget section */
		462AF9E41D4BD4F800C795C9 /* PitchPerfect */ = {
			isa = PBXNativeTarget;
			buildConfigurationList = 462AFA0D1D4BD4F800C795C9 /* Build configuration list for PBXNativeTarget "PitchPerfect" */;
			buildPhases = (
				462AF9E11D4BD4F800C795C9 /* Sources */,
				462AF9E21D4BD4F800C795C9 /* Frameworks */,
				462AF9E31D4BD4F800C795C9 /* Resources */,
			);
			buildRules = (
			);
			dependencies = (
			);
			name = PitchPerfect;
			productName = PitchPerfect;
			productReference = 462AF9E51D4BD4F800C795C9 /* PitchPerfect.app */;
			productType = "com.apple.product-type.application";
		};
		462AF9F81D4BD4F800C795C9 /* PitchPerfectTests */ = {
			isa = PBXNativeTarget;
			buildConfigurationList = 462AFA101D4BD4F800C795C9 /* Build configuration list for PBXNativeTarget "PitchPerfectTests" */;
			buildPhases = (
				462AF9F51D4BD4F800C795C9 /* Sources */,
				462AF9F61D4BD4F800C795C9 /* Frameworks */,
				462AF9F71D4BD4F800C795C9 /* Resources */,
			);
			buildRules = (
			);
			dependencies = (
				462AF9FB1D4BD4F800C795C9 /* PBXTargetDependency */,
			);
			name = PitchPerfectTests;
			productName = PitchPerfectTests;
			productReference = 462AF9F91D4BD4F800C795C9 /* PitchPerfectTests.xctest */;
			productType = "com.apple.product-type.bundle.unit-test";
		};
		462AFA031D4BD4F800C795C9 /* PitchPerfectUITests */ = {
			isa = PBXNativeTarget;
			buildConfigurationList = 462AFA131D4BD4F800C795C9 /* Build configuration list for PBXNativeTarget "PitchPerfectUITests" */;
			buildPhases = (
				462AFA001D4BD4F800C795C9 /* Sources */,
				462AFA011D4BD4F800C795C9 /* Frameworks */,
				462AFA021D4BD4F800C795C9 /* Resources */,
			);
			buildRules = (
			);
			dependencies = (
				462AFA061D4BD4F800C795C9 /* PBXTargetDependency */,
			);
			name = PitchPerfectUITests;
			productName = PitchPerfectUITests;
			productReference = 462AFA041D4BD4F800C795C9 /* PitchPerfectUITests.xctest */;
			productType = "com.apple.product-type.bundle.ui-testing";
		};
/* End PBXNativeTarget section */

/* Begin PBXProject section */
		462AF9DD1D4BD4F800C795C9 /* Project object */ = {
			isa = PBXProject;
			attributes = {
				LastSwiftUpdateCheck = 0730;
				LastUpgradeCheck = 0730;
				ORGANIZATIONNAME = "Brian Goldfarb";
				TargetAttributes = {
					462AF9E41D4BD4F800C795C9 = {
						CreatedOnToolsVersion = 7.3.1;
					};
					462AF9F81D4BD4F800C795C9 = {
						CreatedOnToolsVersion = 7.3.1;
						TestTargetID = 462AF9E41D4BD4F800C795C9;
					};
					462AFA031D4BD4F800C795C9 = {
						CreatedOnToolsVersion = 7.3.1;
						TestTargetID = 462AF9E41D4BD4F800C795C9;
					};
				};
			};
			buildConfigurationList = 462AF9E01D4BD4F800C795C9 /* Build configuration list for PBXProject "PitchPerfect" */;
			compatibilityVersion = "Xcode 3.2";
			developmentRegion = English;
			hasScannedForEncodings = 0;
			knownRegions = (
				en,
				Base,
			);
			mainGroup = 462AF9DC1D4BD4F800C795C9;
			productRefGroup = 462AF9E61D4BD4F800C795C9 /* Products */;
			projectDirPath = "";
			projectRoot = "";
			targets = (
				462AF9E41D4BD4F800C795C9 /* PitchPerfect */,
				462AF9F81D4BD4F800C795C9 /* PitchPerfectTests */,
				462AFA031D4BD4F800C795C9 /* PitchPerfectUITests */,
			);
		};
/* End PBXProject section */

/* Begin PBXResourcesBuildPhase section */
		462AF9E31D4BD4F800C795C9 /* Resources */ = {
			isa = PBXResourcesBuildPhase;
			buildActionMask = 2147483647;
			files = (
				462AF9F31D4BD4F800C795C9 /* LaunchScreen.storyboard in Resources */,
				462AF9F01D4BD4F800C795C9 /* Assets.xcassets in Resources */,
				462AF9EE1D4BD4F800C795C9 /* Main.storyboard in Resources */,
			);
			runOnlyForDeploymentPostprocessing = 0;
		};
		462AF9F71D4BD4F800C795C9 /* Resources */ = {
			isa = PBXResourcesBuildPhase;
			buildActionMask = 2147483647;
			files = (
			);
			runOnlyForDeploymentPostprocessing = 0;
		};
		462AFA021D4BD4F800C795C9 /* Resources */ = {
			isa = PBXResourcesBuildPhase;
			buildActionMask = 2147483647;
			files = (
			);
			runOnlyForDeploymentPostprocessing = 0;
		};
/* End PBXResourcesBuildPhase section */

/* Begin PBXSourcesBuildPhase section */
		462AF9E11D4BD4F800C795C9 /* Sources */ = {
			isa = PBXSourcesBuildPhase;
			buildActionMask = 2147483647;
			files = (
				462AF9EB1D4BD4F800C795C9 /* ViewController.swift in Sources */,
				462AF9E91D4BD4F800C795C9 /* AppDelegate.swift in Sources */,
			);
			runOnlyForDeploymentPostprocessing = 0;
		};
		462AF9F51D4BD4F800C795C9 /* Sources */ = {
			isa = PBXSourcesBuildPhase;
			buildActionMask = 2147483647;
			files = (
				462AF9FE1D4BD4F800C795C9 /* PitchPerfectTests.swift in Sources */,
			);
			runOnlyForDeploymentPostprocessing = 0;
		};
		462AFA001D4BD4F800C795C9 /* Sources */ = {
			isa = PBXSourcesBuildPhase;
			buildActionMask = 2147483647;
			files = (
				462AFA091D4BD4F800C795C9 /* PitchPerfectUITests.swift in Sources */,
			);
			runOnlyForDeploymentPostprocessing = 0;
		};
/* End PBXSourcesBuildPhase section */

/* Begin PBXTargetDependency section */
		462AF9FB1D4BD4F800C795C9 /* PBXTargetDependency */ = {
			isa = PBXTargetDependency;
			target = 462AF9E41D4BD4F800C795C9 /* PitchPerfect */;
			targetProxy = 462AF9FA1D4BD4F800C795C9 /* PBXContainerItemProxy */;
		};
		462AFA061D4BD4F800C795C9 /* PBXTargetDependency */ = {
			isa = PBXTargetDependency;
			target = 462AF9E41D4BD4F800C795C9 /* PitchPerfect */;
			targetProxy = 462AFA051D4BD4F800C795C9 /* PBXContainerItemProxy */;
		};
/* End PBXTargetDependency section */

/* Begin PBXVariantGroup section */
		462AF9EC1D4BD4F800C795C9 /* Main.storyboard */ = {
			isa = PBXVariantGroup;
			children = (
				462AF9ED1D4BD4F800C795C9 /* Base */,
			);
			name = Main.storyboard;
			sourceTree = "<group>";
		};
		462AF9F11D4BD4F800C795C9 /* LaunchScreen.storyboard */ = {
			isa = PBXVariantGroup;
			children = (
				462AF9F21D4BD4F800C795C9 /* Base */,
			);
			name = LaunchScreen.storyboard;
			sourceTree = "<group>";
		};
/* End PBXVariantGroup section */

/* Begin XCBuildConfiguration section */
		462AFA0B1D4BD4F800C795C9 /* Debug */ = {
			isa = XCBuildConfiguration;
			buildSettings = {
				ALWAYS_SEARCH_USER_PATHS = NO;
				CLANG_ANALYZER_NONNULL = YES;
				CLANG_CXX_LANGUAGE_STANDARD = "gnu++0x";
				CLANG_CXX_LIBRARY = "libc++";
				CLANG_ENABLE_MODULES = YES;
				CLANG_ENABLE_OBJC_ARC = YES;
				CLANG_WARN_BOOL_CONVERSION = YES;
				CLANG_WARN_CONSTANT_CONVERSION = YES;
				CLANG_WARN_DIRECT_OBJC_ISA_USAGE = YES_ERROR;
				CLANG_WARN_EMPTY_BODY = YES;
				CLANG_WARN_ENUM_CONVERSION = YES;
				CLANG_WARN_INT_CONVERSION = YES;
				CLANG_WARN_OBJC_ROOT_CLASS = YES_ERROR;
				CLANG_WARN_UNREACHABLE_CODE = YES;
				CLANG_WARN__DUPLICATE_METHOD_MATCH = YES;
				"CODE_SIGN_IDENTITY[sdk=iphoneos*]" = "iPhone Developer";
				COPY_PHASE_STRIP = NO;
				DEBUG_INFORMATION_FORMAT = dwarf;
				ENABLE_STRICT_OBJC_MSGSEND = YES;
				ENABLE_TESTABILITY = YES;
				GCC_C_LANGUAGE_STANDARD = gnu99;
				GCC_DYNAMIC_NO_PIC = NO;
				GCC_NO_COMMON_BLOCKS = YES;
				GCC_OPTIMIZATION_LEVEL = 0;
				GCC_PREPROCESSOR_DEFINITIONS = (
					"DEBUG=1",
					"$(inherited)",
				);
				GCC_WARN_64_TO_32_BIT_CONVERSION = YES;
				GCC_WARN_ABOUT_RETURN_TYPE = YES_ERROR;
				GCC_WARN_UNDECLARED_SELECTOR = YES;
				GCC_WARN_UNINITIALIZED_AUTOS = YES_AGGRESSIVE;
				GCC_WARN_UNUSED_FUNCTION = YES;
				GCC_WARN_UNUSED_VARIABLE = YES;
				IPHONEOS_DEPLOYMENT_TARGET = 9.3;
				MTL_ENABLE_DEBUG_INFO = YES;
				ONLY_ACTIVE_ARCH = YES;
				SDKROOT = iphoneos;
				SWIFT_OPTIMIZATION_LEVEL = "-Onone";
				TARGETED_DEVICE_FAMILY = "1,2";
			};
			name = Debug;
		};
		462AFA0C1D4BD4F800C795C9 /* Release */ = {
			isa = XCBuildConfiguration;
			buildSettings = {
				ALWAYS_SEARCH_USER_PATHS = NO;
				CLANG_ANALYZER_NONNULL = YES;
				CLANG_CXX_LANGUAGE_STANDARD = "gnu++0x";
				CLANG_CXX_LIBRARY = "libc++";
				CLANG_ENABLE_MODULES = YES;
				CLANG_ENABLE_OBJC_ARC = YES;
				CLANG_WARN_BOOL_CONVERSION = YES;
				CLANG_WARN_CONSTANT_CONVERSION = YES;
				CLANG_WARN_DIRECT_OBJC_ISA_USAGE = YES_ERROR;
				CLANG_WARN_EMPTY_BODY = YES;
				CLANG_WARN_ENUM_CONVERSION = YES;
				CLANG_WARN_INT_CONVERSION = YES;
				CLANG_WARN_OBJC_ROOT_CLASS = YES_ERROR;
				CLANG_WARN_UNREACHABLE_CODE = YES;
				CLANG_WARN__DUPLICATE_METHOD_MATCH = YES;
				"CODE_SIGN_IDENTITY[sdk=iphoneos*]" = "iPhone Developer";
				COPY_PHASE_STRIP = NO;
				DEBUG_INFORMATION_FORMAT = "dwarf-with-dsym";
				ENABLE_NS_ASSERTIONS = NO;
				ENABLE_STRICT_OBJC_MSGSEND = YES;
				GCC_C_LANGUAGE_STANDARD = gnu99;
				GCC_NO_COMMON_BLOCKS = YES;
				GCC_WARN_64_TO_32_BIT_CONVERSION = YES;
				GCC_WARN_ABOUT_RETURN_TYPE = YES_ERROR;
				GCC_WARN_UNDECLARED_SELECTOR = YES;
				GCC_WARN_UNINITIALIZED_AUTOS = YES_AGGRESSIVE;
				GCC_WARN_UNUSED_FUNCTION = YES;
				GCC_WARN_UNUSED_VARIABLE = YES;
				IPHONEOS_DEPLOYMENT_TARGET = 9.3;
				MTL_ENABLE_DEBUG_INFO = NO;
				SDKROOT = iphoneos;
				TARGETED_DEVICE_FAMILY = "1,2";
				VALIDATE_PRODUCT = YES;
			};
			name = Release;
		};
		462AFA0E1D4BD4F800C795C9 /* Debug */ = {
			isa = XCBuildConfiguration;
			buildSettings = {
				ASSETCATALOG_COMPILER_APPICON_NAME = AppIcon;
				INFOPLIST_FILE = PitchPerfect/Info.plist;
				LD_RUNPATH_SEARCH_PATHS = "$(inherited) @executable_path/Frameworks";
				PRODUCT_BUNDLE_IDENTIFIER = goldfarb.PitchPerfect;
				PRODUCT_NAME = "$(TARGET_NAME)";
			};
			name = Debug;
		};
		462AFA0F1D4BD4F800C795C9 /* Release */ = {
			isa = XCBuildConfiguration;
			buildSettings = {
				ASSETCATALOG_COMPILER_APPICON_NAME = AppIcon;
				INFOPLIST_FILE = PitchPerfect/Info.plist;
				LD_RUNPATH_SEARCH_PATHS = "$(inherited) @executable_path/Frameworks";
				PRODUCT_BUNDLE_IDENTIFIER = goldfarb.PitchPerfect;
				PRODUCT_NAME = "$(TARGET_NAME)";
			};
			name = Release;
		};
		462AFA111D4BD4F800C795C9 /* Debug */ = {
			isa = XCBuildConfiguration;
			buildSettings = {
				BUNDLE_LOADER = "$(TEST_HOST)";
				INFOPLIST_FILE = PitchPerfectTests/Info.plist;
				LD_RUNPATH_SEARCH_PATHS = "$(inherited) @executable_path/Frameworks @loader_path/Frameworks";
				PRODUCT_BUNDLE_IDENTIFIER = goldfarb.PitchPerfectTests;
				PRODUCT_NAME = "$(TARGET_NAME)";
				TEST_HOST = "$(BUILT_PRODUCTS_DIR)/PitchPerfect.app/PitchPerfect";
			};
			name = Debug;
		};
		462AFA121D4BD4F800C795C9 /* Release */ = {
			isa = XCBuildConfiguration;
			buildSettings = {
				BUNDLE_LOADER = "$(TEST_HOST)";
				INFOPLIST_FILE = PitchPerfectTests/Info.plist;
				LD_RUNPATH_SEARCH_PATHS = "$(inherited) @executable_path/Frameworks @loader_path/Frameworks";
				PRODUCT_BUNDLE_IDENTIFIER = goldfarb.PitchPerfectTests;
				PRODUCT_NAME = "$(TARGET_NAME)";
				TEST_HOST = "$(BUILT_PRODUCTS_DIR)/PitchPerfect.app/PitchPerfect";
			};
			name = Release;
		};
		462AFA141D4BD4F800C795C9 /* Debug */ = {
			isa = XCBuildConfiguration;
			buildSettings = {
				INFOPLIST_FILE = PitchPerfectUITests/Info.plist;
				LD_RUNPATH_SEARCH_PATHS = "$(inherited) @executable_path/Frameworks @loader_path/Frameworks";
				PRODUCT_BUNDLE_IDENTIFIER = goldfarb.PitchPerfectUITests;
				PRODUCT_NAME = "$(TARGET_NAME)";
				TEST_TARGET_NAME = PitchPerfect;
			};
			name = Debug;
		};
		462AFA151D4BD4F800C795C9 /* Release */ = {
			isa = XCBuildConfiguration;
			buildSettings = {
				INFOPLIST_FILE = PitchPerfectUITests/Info.plist;
				LD_RUNPATH_SEARCH_PATHS = "$(inherited) @executable_path/Frameworks @loader_path/Frameworks";
				PRODUCT_BUNDLE_IDENTIFIER = goldfarb.PitchPerfectUITests;
				PRODUCT_NAME = "$(TARGET_NAME)";
				TEST_TARGET_NAME = PitchPerfect;
			};
			name = Release;
		};
/* End XCBuildConfiguration section */

/* Begin XCConfigurationList section */
		462AF9E01D4BD4F800C795C9 /* Build configuration list for PBXProject "PitchPerfect" */ = {
			isa = XCConfigurationList;
			buildConfigurations = (
				462AFA0B1D4BD4F800C795C9 /* Debug */,
				462AFA0C1D4BD4F800C795C9 /* Release */,
			);
			defaultConfigurationIsVisible = 0;
			defaultConfigurationName = Release;
		};
		462AFA0D1D4BD4F800C795C9 /* Build configuration list for PBXNativeTarget "PitchPerfect" */ = {
			isa = XCConfigurationList;
			buildConfigurations = (
				462AFA0E1D4BD4F800C795C9 /* Debug */,
				462AFA0F1D4BD4F800C795C9 /* Release */,
			);
			defaultConfigurationIsVisible = 0;
		};
		462AFA101D4BD4F800C795C9 /* Build configuration list for PBXNativeTarget "PitchPerfectTests" */ = {
			isa = XCConfigurationList;
			buildConfigurations = (
				462AFA111D4BD4F800C795C9 /* Debug */,
				462AFA121D4BD4F800C795C9 /* Release */,
			);
			defaultConfigurationIsVisible = 0;
		};
		462AFA131D4BD4F800C795C9 /* Build configuration list for PBXNativeTarget "PitchPerfectUITests" */ = {
			isa = XCConfigurationList;
			buildConfigurations = (
				462AFA141D4BD4F800C795C9 /* Debug */,
				462AFA151D4BD4F800C795C9 /* Release */,
			);
			defaultConfigurationIsVisible = 0;
		};
/* End XCConfigurationList section */
	};
	rootObject = 462AF9DD1D4BD4F800C795C9 /* Project object */;
}
